
Microsoft Visual Studio Solution File, Format Version 12.00
# Visual Studio 2013
VisualStudioVersion = 12.0.21005.1
MinimumVisualStudioVersion = 10.0.40219.1
Project("{FAE04EC0-301F-11D3-BF4B-00C04F79EFBC}") = "Autotests.Utilities", "Autotests.Utilities\Autotests.Utilities.csproj", "{574C34F7-C509-42C5-9131-16B7B023113A}"
EndProject
Project("{FAE04EC0-301F-11D3-BF4B-00C04F79EFBC}") = "Autotests.WebPages", "Autotests.WebPages\Autotests.WebPages.csproj", "{32E95D12-F0BB-42A6-B0FD-4971B4954F5B}"
EndProject
Global
	GlobalSection(SolutionConfigurationPlatforms) = preSolution
		Debug|Any CPU = Debug|Any CPU
		Release|Any CPU = Release|Any CPU
	EndGlobalSection
	GlobalSection(ProjectConfigurationPlatforms) = postSolution
		{574C34F7-C509-42C5-9131-16B7B023113A}.Debug|Any CPU.ActiveCfg = Debug|Any CPU
		{574C34F7-C509-42C5-9131-16B7B023113A}.Debug|Any CPU.Build.0 = Debug|Any CPU
		{574C34F7-C509-42C5-9131-16B7B023113A}.Release|Any CPU.ActiveCfg = Release|Any CPU
		{574C34F7-C509-42C5-9131-16B7B023113A}.Release|Any CPU.Build.0 = Release|Any CPU
		{32E95D12-F0BB-42A6-B0FD-4971B4954F5B}.Debug|Any CPU.ActiveCfg = Debug|Any CPU
		{32E95D12-F0BB-42A6-B0FD-4971B4954F5B}.Debug|Any CPU.Build.0 = Debug|Any CPU
		{32E95D12-F0BB-42A6-B0FD-4971B4954F5B}.Release|Any CPU.ActiveCfg = Release|Any CPU
		{32E95D12-F0BB-42A6-B0FD-4971B4954F5B}.Release|Any CPU.Build.0 = Release|Any CPU
	EndGlobalSection
	GlobalSection(SolutionProperties) = preSolution
		HideSolutionNode = FALSE
	EndGlobalSection
	GlobalSection(TestCaseManagementSettings) = postSolution
		CategoryFile = Autotests.vsmdi
	EndGlobalSection
EndGlobal
